// !$*UTF8*$!
{
	archiveVersion = 1;
	classes = {
	};
	objectVersion = 50;
	objects = {

/* Begin PBXBuildFile section */
		3B61A0B3775004D7A5EECD11 /* Pods_RadioFranceUITests.framework in Frameworks */ = {isa = PBXBuildFile; fileRef = 230F33AB9649616F328D5722 /* Pods_RadioFranceUITests.framework */; };
		5828F9AFFFA214B4AAE7BAD5 /* Pods_RadioFrance.framework in Frameworks */ = {isa = PBXBuildFile; fileRef = 16BDFBF2B33860CFE863AE36 /* Pods_RadioFrance.framework */; };
		F4013919206EA45900463257 /* AppDelegate.swift in Sources */ = {isa = PBXBuildFile; fileRef = F4013918206EA45900463257 /* AppDelegate.swift */; };
		F401391B206EA45900463257 /* RootViewController.swift in Sources */ = {isa = PBXBuildFile; fileRef = F401391A206EA45900463257 /* RootViewController.swift */; };
		F401391E206EA45900463257 /* Main.storyboard in Resources */ = {isa = PBXBuildFile; fileRef = F401391C206EA45900463257 /* Main.storyboard */; };
		F4013920206EA45B00463257 /* Assets.xcassets in Resources */ = {isa = PBXBuildFile; fileRef = F401391F206EA45B00463257 /* Assets.xcassets */; };
		F4013923206EA45B00463257 /* LaunchScreen.storyboard in Resources */ = {isa = PBXBuildFile; fileRef = F4013921206EA45B00463257 /* LaunchScreen.storyboard */; };
		F401392E206EA45B00463257 /* RadioFranceTests.swift in Sources */ = {isa = PBXBuildFile; fileRef = F401392D206EA45B00463257 /* RadioFranceTests.swift */; };
		F4013939206EA45B00463257 /* RadioFranceUITests.swift in Sources */ = {isa = PBXBuildFile; fileRef = F4013938206EA45B00463257 /* RadioFranceUITests.swift */; };
		F440F1CF206F9918008FB3A9 /* Radio.swift in Sources */ = {isa = PBXBuildFile; fileRef = F440F1CE206F9918008FB3A9 /* Radio.swift */; };
		F440F1D3206FA444008FB3A9 /* RadioSource.swift in Sources */ = {isa = PBXBuildFile; fileRef = F440F1D2206FA444008FB3A9 /* RadioSource.swift */; };
		F440F1D5206FA4F5008FB3A9 /* RemoteRadioSource.swift in Sources */ = {isa = PBXBuildFile; fileRef = F440F1D4206FA4F5008FB3A9 /* RemoteRadioSource.swift */; };
		F440F1D8206FABF4008FB3A9 /* RequestState.swift in Sources */ = {isa = PBXBuildFile; fileRef = F440F1D7206FABF4008FB3A9 /* RequestState.swift */; };
		F440F1DB206FAFE9008FB3A9 /* RadioListViewModel.swift in Sources */ = {isa = PBXBuildFile; fileRef = F440F1DA206FAFE9008FB3A9 /* RadioListViewModel.swift */; };
		F440F1DD206FB004008FB3A9 /* RadioListViewController.swift in Sources */ = {isa = PBXBuildFile; fileRef = F440F1DC206FB004008FB3A9 /* RadioListViewController.swift */; };
		F440F1DF206FB487008FB3A9 /* AppInjector.swift in Sources */ = {isa = PBXBuildFile; fileRef = F440F1DE206FB487008FB3A9 /* AppInjector.swift */; };
		F48B7847207007F10079F0E4 /* RadioCell.swift in Sources */ = {isa = PBXBuildFile; fileRef = F48B7846207007F10079F0E4 /* RadioCell.swift */; };
		F48B784A20703C360079F0E4 /* Localizable.strings in Resources */ = {isa = PBXBuildFile; fileRef = F48B784820703C360079F0E4 /* Localizable.strings */; };
		F4C10A612073C2850074FB89 /* PlaybackManager.swift in Sources */ = {isa = PBXBuildFile; fileRef = F4C10A602073C2850074FB89 /* PlaybackManager.swift */; };
		F4C10A632073C2B20074FB89 /* QueueManager.swift in Sources */ = {isa = PBXBuildFile; fileRef = F4C10A622073C2B20074FB89 /* QueueManager.swift */; };
		F4C10A652073E2640074FB89 /* RadioPlayer.swift in Sources */ = {isa = PBXBuildFile; fileRef = F4C10A642073E2640074FB89 /* RadioPlayer.swift */; };
		F4C10A672073E28E0074FB89 /* AVRadioPlayer.swift in Sources */ = {isa = PBXBuildFile; fileRef = F4C10A662073E28E0074FB89 /* AVRadioPlayer.swift */; };
		F4C10A692073E3820074FB89 /* PlayerStatus.swift in Sources */ = {isa = PBXBuildFile; fileRef = F4C10A682073E3820074FB89 /* PlayerStatus.swift */; };
		F4C10A6B2073EE890074FB89 /* AVFoundation.framework in Frameworks */ = {isa = PBXBuildFile; fileRef = F4C10A6A2073EE890074FB89 /* AVFoundation.framework */; };
		F4C10A6D207412970074FB89 /* RootViewModel.swift in Sources */ = {isa = PBXBuildFile; fileRef = F4C10A6C207412970074FB89 /* RootViewModel.swift */; };
		F4C10A70207423B10074FB89 /* PlayerViewModel.swift in Sources */ = {isa = PBXBuildFile; fileRef = F4C10A6F207423B10074FB89 /* PlayerViewModel.swift */; };
		F4C10A72207429350074FB89 /* PlayerViewController.swift in Sources */ = {isa = PBXBuildFile; fileRef = F4C10A71207429350074FB89 /* PlayerViewController.swift */; };
		F4E315E52072748800FE3595 /* AppSchedulers.swift in Sources */ = {isa = PBXBuildFile; fileRef = F4E315E42072748800FE3595 /* AppSchedulers.swift */; };
		FBA098682615A8CD70C91DF3 /* Pods_RadioFranceTests.framework in Frameworks */ = {isa = PBXBuildFile; fileRef = 6086FF638160CA8BA6514B50 /* Pods_RadioFranceTests.framework */; };
/* End PBXBuildFile section */

/* Begin PBXContainerItemProxy section */
		F401392A206EA45B00463257 /* PBXContainerItemProxy */ = {
			isa = PBXContainerItemProxy;
			containerPortal = F401390D206EA45900463257 /* Project object */;
			proxyType = 1;
			remoteGlobalIDString = F4013914206EA45900463257;
			remoteInfo = RadioFrance;
		};
		F4013935206EA45B00463257 /* PBXContainerItemProxy */ = {
			isa = PBXContainerItemProxy;
			containerPortal = F401390D206EA45900463257 /* Project object */;
			proxyType = 1;
			remoteGlobalIDString = F4013914206EA45900463257;
			remoteInfo = RadioFrance;
		};
/* End PBXContainerItemProxy section */

/* Begin PBXFileReference section */
		16BDFBF2B33860CFE863AE36 /* Pods_RadioFrance.framework */ = {isa = PBXFileReference; explicitFileType = wrapper.framework; includeInIndex = 0; path = Pods_RadioFrance.framework; sourceTree = BUILT_PRODUCTS_DIR; };
		230F33AB9649616F328D5722 /* Pods_RadioFranceUITests.framework */ = {isa = PBXFileReference; explicitFileType = wrapper.framework; includeInIndex = 0; path = Pods_RadioFranceUITests.framework; sourceTree = BUILT_PRODUCTS_DIR; };
		502F320B5806E2CFDCB4028D /* Pods-RadioFranceUITests.debug.xcconfig */ = {isa = PBXFileReference; includeInIndex = 1; lastKnownFileType = text.xcconfig; name = "Pods-RadioFranceUITests.debug.xcconfig"; path = "Pods/Target Support Files/Pods-RadioFranceUITests/Pods-RadioFranceUITests.debug.xcconfig"; sourceTree = "<group>"; };
		6086FF638160CA8BA6514B50 /* Pods_RadioFranceTests.framework */ = {isa = PBXFileReference; explicitFileType = wrapper.framework; includeInIndex = 0; path = Pods_RadioFranceTests.framework; sourceTree = BUILT_PRODUCTS_DIR; };
		88717B79B9B23F2ACD9CE45E /* Pods-RadioFrance.debug.xcconfig */ = {isa = PBXFileReference; includeInIndex = 1; lastKnownFileType = text.xcconfig; name = "Pods-RadioFrance.debug.xcconfig"; path = "Pods/Target Support Files/Pods-RadioFrance/Pods-RadioFrance.debug.xcconfig"; sourceTree = "<group>"; };
		D8694B2D6C1C84AC3CC90627 /* Pods-RadioFrance.release.xcconfig */ = {isa = PBXFileReference; includeInIndex = 1; lastKnownFileType = text.xcconfig; name = "Pods-RadioFrance.release.xcconfig"; path = "Pods/Target Support Files/Pods-RadioFrance/Pods-RadioFrance.release.xcconfig"; sourceTree = "<group>"; };
		DE8D24F0ADEB0E2F54A06B79 /* Pods-RadioFranceUITests.release.xcconfig */ = {isa = PBXFileReference; includeInIndex = 1; lastKnownFileType = text.xcconfig; name = "Pods-RadioFranceUITests.release.xcconfig"; path = "Pods/Target Support Files/Pods-RadioFranceUITests/Pods-RadioFranceUITests.release.xcconfig"; sourceTree = "<group>"; };
		F4013915206EA45900463257 /* RadioFrance.app */ = {isa = PBXFileReference; explicitFileType = wrapper.application; includeInIndex = 0; path = RadioFrance.app; sourceTree = BUILT_PRODUCTS_DIR; };
		F4013918206EA45900463257 /* AppDelegate.swift */ = {isa = PBXFileReference; lastKnownFileType = sourcecode.swift; path = AppDelegate.swift; sourceTree = "<group>"; };
		F401391A206EA45900463257 /* RootViewController.swift */ = {isa = PBXFileReference; lastKnownFileType = sourcecode.swift; path = RootViewController.swift; sourceTree = "<group>"; };
		F401391D206EA45900463257 /* Base */ = {isa = PBXFileReference; lastKnownFileType = file.storyboard; name = Base; path = Base.lproj/Main.storyboard; sourceTree = "<group>"; };
		F401391F206EA45B00463257 /* Assets.xcassets */ = {isa = PBXFileReference; lastKnownFileType = folder.assetcatalog; path = Assets.xcassets; sourceTree = "<group>"; };
		F4013922206EA45B00463257 /* Base */ = {isa = PBXFileReference; lastKnownFileType = file.storyboard; name = Base; path = Base.lproj/LaunchScreen.storyboard; sourceTree = "<group>"; };
		F4013924206EA45B00463257 /* Info.plist */ = {isa = PBXFileReference; lastKnownFileType = text.plist.xml; path = Info.plist; sourceTree = "<group>"; };
		F4013929206EA45B00463257 /* RadioFranceTests.xctest */ = {isa = PBXFileReference; explicitFileType = wrapper.cfbundle; includeInIndex = 0; path = RadioFranceTests.xctest; sourceTree = BUILT_PRODUCTS_DIR; };
		F401392D206EA45B00463257 /* RadioFranceTests.swift */ = {isa = PBXFileReference; lastKnownFileType = sourcecode.swift; path = RadioFranceTests.swift; sourceTree = "<group>"; };
		F401392F206EA45B00463257 /* Info.plist */ = {isa = PBXFileReference; lastKnownFileType = text.plist.xml; path = Info.plist; sourceTree = "<group>"; };
		F4013934206EA45B00463257 /* RadioFranceUITests.xctest */ = {isa = PBXFileReference; explicitFileType = wrapper.cfbundle; includeInIndex = 0; path = RadioFranceUITests.xctest; sourceTree = BUILT_PRODUCTS_DIR; };
		F4013938206EA45B00463257 /* RadioFranceUITests.swift */ = {isa = PBXFileReference; lastKnownFileType = sourcecode.swift; path = RadioFranceUITests.swift; sourceTree = "<group>"; };
		F401393A206EA45B00463257 /* Info.plist */ = {isa = PBXFileReference; lastKnownFileType = text.plist.xml; path = Info.plist; sourceTree = "<group>"; };
		F433433332566905879B29B6 /* Pods-RadioFranceTests.release.xcconfig */ = {isa = PBXFileReference; includeInIndex = 1; lastKnownFileType = text.xcconfig; name = "Pods-RadioFranceTests.release.xcconfig"; path = "Pods/Target Support Files/Pods-RadioFranceTests/Pods-RadioFranceTests.release.xcconfig"; sourceTree = "<group>"; };
		F440F1CE206F9918008FB3A9 /* Radio.swift */ = {isa = PBXFileReference; lastKnownFileType = sourcecode.swift; path = Radio.swift; sourceTree = "<group>"; };
		F440F1D2206FA444008FB3A9 /* RadioSource.swift */ = {isa = PBXFileReference; lastKnownFileType = sourcecode.swift; path = RadioSource.swift; sourceTree = "<group>"; };
		F440F1D4206FA4F5008FB3A9 /* RemoteRadioSource.swift */ = {isa = PBXFileReference; lastKnownFileType = sourcecode.swift; path = RemoteRadioSource.swift; sourceTree = "<group>"; };
		F440F1D7206FABF4008FB3A9 /* RequestState.swift */ = {isa = PBXFileReference; lastKnownFileType = sourcecode.swift; path = RequestState.swift; sourceTree = "<group>"; };
		F440F1DA206FAFE9008FB3A9 /* RadioListViewModel.swift */ = {isa = PBXFileReference; lastKnownFileType = sourcecode.swift; path = RadioListViewModel.swift; sourceTree = "<group>"; };
		F440F1DC206FB004008FB3A9 /* RadioListViewController.swift */ = {isa = PBXFileReference; lastKnownFileType = sourcecode.swift; path = RadioListViewController.swift; sourceTree = "<group>"; };
		F440F1DE206FB487008FB3A9 /* AppInjector.swift */ = {isa = PBXFileReference; lastKnownFileType = sourcecode.swift; path = AppInjector.swift; sourceTree = "<group>"; };
		F47F15DC2073679000DEF6C1 /* fr */ = {isa = PBXFileReference; lastKnownFileType = text.plist.strings; name = fr; path = fr.lproj/Main.strings; sourceTree = "<group>"; };
		F48B7846207007F10079F0E4 /* RadioCell.swift */ = {isa = PBXFileReference; lastKnownFileType = sourcecode.swift; path = RadioCell.swift; sourceTree = "<group>"; };
		F48B784920703C360079F0E4 /* Base */ = {isa = PBXFileReference; lastKnownFileType = text.plist.strings; name = Base; path = Base.lproj/Localizable.strings; sourceTree = "<group>"; };
		F48B784B20703C4B0079F0E4 /* fr */ = {isa = PBXFileReference; lastKnownFileType = text.plist.strings; name = fr; path = fr.lproj/Localizable.strings; sourceTree = "<group>"; };
		F4C10A602073C2850074FB89 /* PlaybackManager.swift */ = {isa = PBXFileReference; lastKnownFileType = sourcecode.swift; path = PlaybackManager.swift; sourceTree = "<group>"; };
		F4C10A622073C2B20074FB89 /* QueueManager.swift */ = {isa = PBXFileReference; lastKnownFileType = sourcecode.swift; path = QueueManager.swift; sourceTree = "<group>"; };
		F4C10A642073E2640074FB89 /* RadioPlayer.swift */ = {isa = PBXFileReference; lastKnownFileType = sourcecode.swift; path = RadioPlayer.swift; sourceTree = "<group>"; };
		F4C10A662073E28E0074FB89 /* AVRadioPlayer.swift */ = {isa = PBXFileReference; lastKnownFileType = sourcecode.swift; path = AVRadioPlayer.swift; sourceTree = "<group>"; };
		F4C10A682073E3820074FB89 /* PlayerStatus.swift */ = {isa = PBXFileReference; lastKnownFileType = sourcecode.swift; path = PlayerStatus.swift; sourceTree = "<group>"; };
		F4C10A6A2073EE890074FB89 /* AVFoundation.framework */ = {isa = PBXFileReference; lastKnownFileType = wrapper.framework; name = AVFoundation.framework; path = System/Library/Frameworks/AVFoundation.framework; sourceTree = SDKROOT; };
		F4C10A6C207412970074FB89 /* RootViewModel.swift */ = {isa = PBXFileReference; lastKnownFileType = sourcecode.swift; path = RootViewModel.swift; sourceTree = "<group>"; };
		F4C10A6F207423B10074FB89 /* PlayerViewModel.swift */ = {isa = PBXFileReference; lastKnownFileType = sourcecode.swift; path = PlayerViewModel.swift; sourceTree = "<group>"; };
		F4C10A71207429350074FB89 /* PlayerViewController.swift */ = {isa = PBXFileReference; lastKnownFileType = sourcecode.swift; path = PlayerViewController.swift; sourceTree = "<group>"; };
		F4E315E42072748800FE3595 /* AppSchedulers.swift */ = {isa = PBXFileReference; lastKnownFileType = sourcecode.swift; path = AppSchedulers.swift; sourceTree = "<group>"; };
		FFDBB8B30B1DF510BF27983E /* Pods-RadioFranceTests.debug.xcconfig */ = {isa = PBXFileReference; includeInIndex = 1; lastKnownFileType = text.xcconfig; name = "Pods-RadioFranceTests.debug.xcconfig"; path = "Pods/Target Support Files/Pods-RadioFranceTests/Pods-RadioFranceTests.debug.xcconfig"; sourceTree = "<group>"; };
/* End PBXFileReference section */

/* Begin PBXFrameworksBuildPhase section */
		F4013912206EA45900463257 /* Frameworks */ = {
			isa = PBXFrameworksBuildPhase;
			buildActionMask = 2147483647;
			files = (
				F4C10A6B2073EE890074FB89 /* AVFoundation.framework in Frameworks */,
				5828F9AFFFA214B4AAE7BAD5 /* Pods_RadioFrance.framework in Frameworks */,
			);
			runOnlyForDeploymentPostprocessing = 0;
		};
		F4013926206EA45B00463257 /* Frameworks */ = {
			isa = PBXFrameworksBuildPhase;
			buildActionMask = 2147483647;
			files = (
				FBA098682615A8CD70C91DF3 /* Pods_RadioFranceTests.framework in Frameworks */,
			);
			runOnlyForDeploymentPostprocessing = 0;
		};
		F4013931206EA45B00463257 /* Frameworks */ = {
			isa = PBXFrameworksBuildPhase;
			buildActionMask = 2147483647;
			files = (
				3B61A0B3775004D7A5EECD11 /* Pods_RadioFranceUITests.framework in Frameworks */,
			);
			runOnlyForDeploymentPostprocessing = 0;
		};
/* End PBXFrameworksBuildPhase section */

/* Begin PBXGroup section */
		53E26CDF80D0D1380B3E8650 /* Pods */ = {
			isa = PBXGroup;
			children = (
				88717B79B9B23F2ACD9CE45E /* Pods-RadioFrance.debug.xcconfig */,
				D8694B2D6C1C84AC3CC90627 /* Pods-RadioFrance.release.xcconfig */,
				FFDBB8B30B1DF510BF27983E /* Pods-RadioFranceTests.debug.xcconfig */,
				F433433332566905879B29B6 /* Pods-RadioFranceTests.release.xcconfig */,
				502F320B5806E2CFDCB4028D /* Pods-RadioFranceUITests.debug.xcconfig */,
				DE8D24F0ADEB0E2F54A06B79 /* Pods-RadioFranceUITests.release.xcconfig */,
			);
			name = Pods;
			sourceTree = "<group>";
		};
		8678AB6F466D846306627598 /* Frameworks */ = {
			isa = PBXGroup;
			children = (
				F4C10A6A2073EE890074FB89 /* AVFoundation.framework */,
				16BDFBF2B33860CFE863AE36 /* Pods_RadioFrance.framework */,
				6086FF638160CA8BA6514B50 /* Pods_RadioFranceTests.framework */,
				230F33AB9649616F328D5722 /* Pods_RadioFranceUITests.framework */,
			);
			name = Frameworks;
			sourceTree = "<group>";
		};
		F401390C206EA45900463257 = {
			isa = PBXGroup;
			children = (
				F4013917206EA45900463257 /* RadioFrance */,
				F401392C206EA45B00463257 /* RadioFranceTests */,
				F4013937206EA45B00463257 /* RadioFranceUITests */,
				F4013916206EA45900463257 /* Products */,
				53E26CDF80D0D1380B3E8650 /* Pods */,
				8678AB6F466D846306627598 /* Frameworks */,
			);
			sourceTree = "<group>";
		};
		F4013916206EA45900463257 /* Products */ = {
			isa = PBXGroup;
			children = (
				F4013915206EA45900463257 /* RadioFrance.app */,
				F4013929206EA45B00463257 /* RadioFranceTests.xctest */,
				F4013934206EA45B00463257 /* RadioFranceUITests.xctest */,
			);
			name = Products;
			sourceTree = "<group>";
		};
		F4013917206EA45900463257 /* RadioFrance */ = {
			isa = PBXGroup;
			children = (
				F401391C206EA45900463257 /* Main.storyboard */,
				F401391F206EA45B00463257 /* Assets.xcassets */,
				F4013921206EA45B00463257 /* LaunchScreen.storyboard */,
				F48B784820703C360079F0E4 /* Localizable.strings */,
				F440F1D6206FAB98008FB3A9 /* UI */,
				F440F1CD206F98E4008FB3A9 /* Playback */,
				F440F1CC206F98BC008FB3A9 /* Data */,
				F4013918206EA45900463257 /* AppDelegate.swift */,
				F4013924206EA45B00463257 /* Info.plist */,
				F440F1DE206FB487008FB3A9 /* AppInjector.swift */,
				F4E315E42072748800FE3595 /* AppSchedulers.swift */,
			);
			path = RadioFrance;
			sourceTree = "<group>";
		};
		F401392C206EA45B00463257 /* RadioFranceTests */ = {
			isa = PBXGroup;
			children = (
				F401392D206EA45B00463257 /* RadioFranceTests.swift */,
				F401392F206EA45B00463257 /* Info.plist */,
			);
			path = RadioFranceTests;
			sourceTree = "<group>";
		};
		F4013937206EA45B00463257 /* RadioFranceUITests */ = {
			isa = PBXGroup;
			children = (
				F4013938206EA45B00463257 /* RadioFranceUITests.swift */,
				F401393A206EA45B00463257 /* Info.plist */,
			);
			path = RadioFranceUITests;
			sourceTree = "<group>";
		};
		F440F1CC206F98BC008FB3A9 /* Data */ = {
			isa = PBXGroup;
			children = (
				F440F1D7206FABF4008FB3A9 /* RequestState.swift */,
				F440F1CE206F9918008FB3A9 /* Radio.swift */,
				F440F1D2206FA444008FB3A9 /* RadioSource.swift */,
				F440F1D4206FA4F5008FB3A9 /* RemoteRadioSource.swift */,
			);
			path = Data;
			sourceTree = "<group>";
		};
		F440F1CD206F98E4008FB3A9 /* Playback */ = {
			isa = PBXGroup;
			children = (
				F4C10A602073C2850074FB89 /* PlaybackManager.swift */,
				F4C10A622073C2B20074FB89 /* QueueManager.swift */,
				F4C10A642073E2640074FB89 /* RadioPlayer.swift */,
				F4C10A662073E28E0074FB89 /* AVRadioPlayer.swift */,
				F4C10A682073E3820074FB89 /* PlayerStatus.swift */,
			);
			path = Playback;
			sourceTree = "<group>";
		};
		F440F1D6206FAB98008FB3A9 /* UI */ = {
			isa = PBXGroup;
			children = (
				F4C10A6E207423A10074FB89 /* Player */,
				F440F1D9206FAFD4008FB3A9 /* List */,
				F401391A206EA45900463257 /* RootViewController.swift */,
				F4C10A6C207412970074FB89 /* RootViewModel.swift */,
			);
			path = UI;
			sourceTree = "<group>";
		};
		F440F1D9206FAFD4008FB3A9 /* List */ = {
			isa = PBXGroup;
			children = (
				F440F1DA206FAFE9008FB3A9 /* RadioListViewModel.swift */,
				F440F1DC206FB004008FB3A9 /* RadioListViewController.swift */,
				F48B7846207007F10079F0E4 /* RadioCell.swift */,
			);
			path = List;
			sourceTree = "<group>";
		};
		F4C10A6E207423A10074FB89 /* Player */ = {
			isa = PBXGroup;
			children = (
				F4C10A6F207423B10074FB89 /* PlayerViewModel.swift */,
				F4C10A71207429350074FB89 /* PlayerViewController.swift */,
			);
			path = Player;
			sourceTree = "<group>";
		};
/* End PBXGroup section */

/* Begin PBXNativeTarget section */
		F4013914206EA45900463257 /* RadioFrance */ = {
			isa = PBXNativeTarget;
			buildConfigurationList = F401393D206EA45B00463257 /* Build configuration list for PBXNativeTarget "RadioFrance" */;
			buildPhases = (
				34054957A3D03CACAFF0433C /* [CP] Check Pods Manifest.lock */,
				F4013911206EA45900463257 /* Sources */,
				F4013912206EA45900463257 /* Frameworks */,
				F4013913206EA45900463257 /* Resources */,
				6CA8E36A48CE4B42A8E3FE97 /* [CP] Embed Pods Frameworks */,
				CB54F1FC3426B89952F6E248 /* [CP] Copy Pods Resources */,
			);
			buildRules = (
			);
			dependencies = (
			);
			name = RadioFrance;
			productName = RadioFrance;
			productReference = F4013915206EA45900463257 /* RadioFrance.app */;
			productType = "com.apple.product-type.application";
		};
		F4013928206EA45B00463257 /* RadioFranceTests */ = {
			isa = PBXNativeTarget;
			buildConfigurationList = F4013940206EA45B00463257 /* Build configuration list for PBXNativeTarget "RadioFranceTests" */;
			buildPhases = (
				758FE36CE456B4578D176D10 /* [CP] Check Pods Manifest.lock */,
				F4013925206EA45B00463257 /* Sources */,
				F4013926206EA45B00463257 /* Frameworks */,
				F4013927206EA45B00463257 /* Resources */,
				2647D1A405CE44186058E1F8 /* [CP] Embed Pods Frameworks */,
				42D9B52AED33683F793FCB41 /* [CP] Copy Pods Resources */,
			);
			buildRules = (
			);
			dependencies = (
				F401392B206EA45B00463257 /* PBXTargetDependency */,
			);
			name = RadioFranceTests;
			productName = RadioFranceTests;
			productReference = F4013929206EA45B00463257 /* RadioFranceTests.xctest */;
			productType = "com.apple.product-type.bundle.unit-test";
		};
		F4013933206EA45B00463257 /* RadioFranceUITests */ = {
			isa = PBXNativeTarget;
			buildConfigurationList = F4013943206EA45B00463257 /* Build configuration list for PBXNativeTarget "RadioFranceUITests" */;
			buildPhases = (
				4F95859AFCB4D472F6AB6653 /* [CP] Check Pods Manifest.lock */,
				F4013930206EA45B00463257 /* Sources */,
				F4013931206EA45B00463257 /* Frameworks */,
				F4013932206EA45B00463257 /* Resources */,
				D7F33C81CCF2A11CBE4C68A9 /* [CP] Embed Pods Frameworks */,
				1BBABD2DE01C507434E92EF6 /* [CP] Copy Pods Resources */,
			);
			buildRules = (
			);
			dependencies = (
				F4013936206EA45B00463257 /* PBXTargetDependency */,
			);
			name = RadioFranceUITests;
			productName = RadioFranceUITests;
			productReference = F4013934206EA45B00463257 /* RadioFranceUITests.xctest */;
			productType = "com.apple.product-type.bundle.ui-testing";
		};
/* End PBXNativeTarget section */

/* Begin PBXProject section */
		F401390D206EA45900463257 /* Project object */ = {
			isa = PBXProject;
			attributes = {
				LastSwiftUpdateCheck = 0930;
				LastUpgradeCheck = 0930;
				ORGANIZATIONNAME = "Simon Le Bras";
				TargetAttributes = {
					F4013914206EA45900463257 = {
						CreatedOnToolsVersion = 9.3;
						SystemCapabilities = {
							com.apple.BackgroundModes = {
								enabled = 1;
							};
						};
					};
					F4013928206EA45B00463257 = {
						CreatedOnToolsVersion = 9.3;
						TestTargetID = F4013914206EA45900463257;
					};
					F4013933206EA45B00463257 = {
						CreatedOnToolsVersion = 9.3;
						TestTargetID = F4013914206EA45900463257;
					};
				};
			};
			buildConfigurationList = F4013910206EA45900463257 /* Build configuration list for PBXProject "RadioFrance" */;
			compatibilityVersion = "Xcode 9.3";
			developmentRegion = en;
			hasScannedForEncodings = 0;
			knownRegions = (
				en,
				Base,
				fr,
			);
			mainGroup = F401390C206EA45900463257;
			productRefGroup = F4013916206EA45900463257 /* Products */;
			projectDirPath = "";
			projectRoot = "";
			targets = (
				F4013914206EA45900463257 /* RadioFrance */,
				F4013928206EA45B00463257 /* RadioFranceTests */,
				F4013933206EA45B00463257 /* RadioFranceUITests */,
			);
		};
/* End PBXProject section */

/* Begin PBXResourcesBuildPhase section */
		F4013913206EA45900463257 /* Resources */ = {
			isa = PBXResourcesBuildPhase;
			buildActionMask = 2147483647;
			files = (
				F4013923206EA45B00463257 /* LaunchScreen.storyboard in Resources */,
				F48B784A20703C360079F0E4 /* Localizable.strings in Resources */,
				F4013920206EA45B00463257 /* Assets.xcassets in Resources */,
				F401391E206EA45900463257 /* Main.storyboard in Resources */,
			);
			runOnlyForDeploymentPostprocessing = 0;
		};
		F4013927206EA45B00463257 /* Resources */ = {
			isa = PBXResourcesBuildPhase;
			buildActionMask = 2147483647;
			files = (
			);
			runOnlyForDeploymentPostprocessing = 0;
		};
		F4013932206EA45B00463257 /* Resources */ = {
			isa = PBXResourcesBuildPhase;
			buildActionMask = 2147483647;
			files = (
			);
			runOnlyForDeploymentPostprocessing = 0;
		};
/* End PBXResourcesBuildPhase section */

/* Begin PBXShellScriptBuildPhase section */
		1BBABD2DE01C507434E92EF6 /* [CP] Copy Pods Resources */ = {
			isa = PBXShellScriptBuildPhase;
			buildActionMask = 2147483647;
			files = (
			);
			inputPaths = (
			);
			name = "[CP] Copy Pods Resources";
			outputPaths = (
			);
			runOnlyForDeploymentPostprocessing = 0;
			shellPath = /bin/sh;
			shellScript = "\"${SRCROOT}/Pods/Target Support Files/Pods-RadioFranceUITests/Pods-RadioFranceUITests-resources.sh\"\n";
			showEnvVarsInLog = 0;
		};
		2647D1A405CE44186058E1F8 /* [CP] Embed Pods Frameworks */ = {
			isa = PBXShellScriptBuildPhase;
			buildActionMask = 2147483647;
			files = (
			);
			inputPaths = (
			);
			name = "[CP] Embed Pods Frameworks";
			outputPaths = (
			);
			runOnlyForDeploymentPostprocessing = 0;
			shellPath = /bin/sh;
			shellScript = "\"${SRCROOT}/Pods/Target Support Files/Pods-RadioFranceTests/Pods-RadioFranceTests-frameworks.sh\"\n";
			showEnvVarsInLog = 0;
		};
		34054957A3D03CACAFF0433C /* [CP] Check Pods Manifest.lock */ = {
			isa = PBXShellScriptBuildPhase;
			buildActionMask = 2147483647;
			files = (
			);
			inputPaths = (
				"${PODS_PODFILE_DIR_PATH}/Podfile.lock",
				"${PODS_ROOT}/Manifest.lock",
			);
			name = "[CP] Check Pods Manifest.lock";
			outputPaths = (
				"$(DERIVED_FILE_DIR)/Pods-RadioFrance-checkManifestLockResult.txt",
			);
			runOnlyForDeploymentPostprocessing = 0;
			shellPath = /bin/sh;
			shellScript = "diff \"${PODS_PODFILE_DIR_PATH}/Podfile.lock\" \"${PODS_ROOT}/Manifest.lock\" > /dev/null\nif [ $? != 0 ] ; then\n    # print error to STDERR\n    echo \"error: The sandbox is not in sync with the Podfile.lock. Run 'pod install' or update your CocoaPods installation.\" >&2\n    exit 1\nfi\n# This output is used by Xcode 'outputs' to avoid re-running this script phase.\necho \"SUCCESS\" > \"${SCRIPT_OUTPUT_FILE_0}\"\n";
			showEnvVarsInLog = 0;
		};
		42D9B52AED33683F793FCB41 /* [CP] Copy Pods Resources */ = {
			isa = PBXShellScriptBuildPhase;
			buildActionMask = 2147483647;
			files = (
			);
			inputPaths = (
			);
			name = "[CP] Copy Pods Resources";
			outputPaths = (
			);
			runOnlyForDeploymentPostprocessing = 0;
			shellPath = /bin/sh;
			shellScript = "\"${SRCROOT}/Pods/Target Support Files/Pods-RadioFranceTests/Pods-RadioFranceTests-resources.sh\"\n";
			showEnvVarsInLog = 0;
		};
		4F95859AFCB4D472F6AB6653 /* [CP] Check Pods Manifest.lock */ = {
			isa = PBXShellScriptBuildPhase;
			buildActionMask = 2147483647;
			files = (
			);
			inputPaths = (
				"${PODS_PODFILE_DIR_PATH}/Podfile.lock",
				"${PODS_ROOT}/Manifest.lock",
			);
			name = "[CP] Check Pods Manifest.lock";
			outputPaths = (
				"$(DERIVED_FILE_DIR)/Pods-RadioFranceUITests-checkManifestLockResult.txt",
			);
			runOnlyForDeploymentPostprocessing = 0;
			shellPath = /bin/sh;
			shellScript = "diff \"${PODS_PODFILE_DIR_PATH}/Podfile.lock\" \"${PODS_ROOT}/Manifest.lock\" > /dev/null\nif [ $? != 0 ] ; then\n    # print error to STDERR\n    echo \"error: The sandbox is not in sync with the Podfile.lock. Run 'pod install' or update your CocoaPods installation.\" >&2\n    exit 1\nfi\n# This output is used by Xcode 'outputs' to avoid re-running this script phase.\necho \"SUCCESS\" > \"${SCRIPT_OUTPUT_FILE_0}\"\n";
			showEnvVarsInLog = 0;
		};
		6CA8E36A48CE4B42A8E3FE97 /* [CP] Embed Pods Frameworks */ = {
			isa = PBXShellScriptBuildPhase;
			buildActionMask = 2147483647;
			files = (
			);
			inputPaths = (
				"${SRCROOT}/Pods/Target Support Files/Pods-RadioFrance/Pods-RadioFrance-frameworks.sh",
				"${BUILT_PRODUCTS_DIR}/RxCocoa/RxCocoa.framework",
				"${BUILT_PRODUCTS_DIR}/RxSwift/RxSwift.framework",
				"${BUILT_PRODUCTS_DIR}/SDWebImage/SDWebImage.framework",
				"${BUILT_PRODUCTS_DIR}/libwebp/libwebp.framework",
			);
			name = "[CP] Embed Pods Frameworks";
			outputPaths = (
				"${TARGET_BUILD_DIR}/${FRAMEWORKS_FOLDER_PATH}/RxCocoa.framework",
				"${TARGET_BUILD_DIR}/${FRAMEWORKS_FOLDER_PATH}/RxSwift.framework",
				"${TARGET_BUILD_DIR}/${FRAMEWORKS_FOLDER_PATH}/SDWebImage.framework",
				"${TARGET_BUILD_DIR}/${FRAMEWORKS_FOLDER_PATH}/libwebp.framework",
			);
			runOnlyForDeploymentPostprocessing = 0;
			shellPath = /bin/sh;
			shellScript = "\"${SRCROOT}/Pods/Target Support Files/Pods-RadioFrance/Pods-RadioFrance-frameworks.sh\"\n";
			showEnvVarsInLog = 0;
		};
		758FE36CE456B4578D176D10 /* [CP] Check Pods Manifest.lock */ = {
			isa = PBXShellScriptBuildPhase;
			buildActionMask = 2147483647;
			files = (
			);
			inputPaths = (
				"${PODS_PODFILE_DIR_PATH}/Podfile.lock",
				"${PODS_ROOT}/Manifest.lock",
			);
			name = "[CP] Check Pods Manifest.lock";
			outputPaths = (
				"$(DERIVED_FILE_DIR)/Pods-RadioFranceTests-checkManifestLockResult.txt",
			);
			runOnlyForDeploymentPostprocessing = 0;
			shellPath = /bin/sh;
			shellScript = "diff \"${PODS_PODFILE_DIR_PATH}/Podfile.lock\" \"${PODS_ROOT}/Manifest.lock\" > /dev/null\nif [ $? != 0 ] ; then\n    # print error to STDERR\n    echo \"error: The sandbox is not in sync with the Podfile.lock. Run 'pod install' or update your CocoaPods installation.\" >&2\n    exit 1\nfi\n# This output is used by Xcode 'outputs' to avoid re-running this script phase.\necho \"SUCCESS\" > \"${SCRIPT_OUTPUT_FILE_0}\"\n";
			showEnvVarsInLog = 0;
		};
		CB54F1FC3426B89952F6E248 /* [CP] Copy Pods Resources */ = {
			isa = PBXShellScriptBuildPhase;
			buildActionMask = 2147483647;
			files = (
			);
			inputPaths = (
			);
			name = "[CP] Copy Pods Resources";
			outputPaths = (
			);
			runOnlyForDeploymentPostprocessing = 0;
			shellPath = /bin/sh;
			shellScript = "\"${SRCROOT}/Pods/Target Support Files/Pods-RadioFrance/Pods-RadioFrance-resources.sh\"\n";
			showEnvVarsInLog = 0;
		};
		D7F33C81CCF2A11CBE4C68A9 /* [CP] Embed Pods Frameworks */ = {
			isa = PBXShellScriptBuildPhase;
			buildActionMask = 2147483647;
			files = (
			);
			inputPaths = (
			);
			name = "[CP] Embed Pods Frameworks";
			outputPaths = (
			);
			runOnlyForDeploymentPostprocessing = 0;
			shellPath = /bin/sh;
			shellScript = "\"${SRCROOT}/Pods/Target Support Files/Pods-RadioFranceUITests/Pods-RadioFranceUITests-frameworks.sh\"\n";
			showEnvVarsInLog = 0;
		};
/* End PBXShellScriptBuildPhase section */

/* Begin PBXSourcesBuildPhase section */
		F4013911206EA45900463257 /* Sources */ = {
			isa = PBXSourcesBuildPhase;
			buildActionMask = 2147483647;
			files = (
				F4C10A6D207412970074FB89 /* RootViewModel.swift in Sources */,
				F401391B206EA45900463257 /* RootViewController.swift in Sources */,
				F440F1DF206FB487008FB3A9 /* AppInjector.swift in Sources */,
				F4C10A612073C2850074FB89 /* PlaybackManager.swift in Sources */,
				F440F1D3206FA444008FB3A9 /* RadioSource.swift in Sources */,
				F4C10A652073E2640074FB89 /* RadioPlayer.swift in Sources */,
				F4C10A692073E3820074FB89 /* PlayerStatus.swift in Sources */,
				F4C10A72207429350074FB89 /* PlayerViewController.swift in Sources */,
				F440F1DD206FB004008FB3A9 /* RadioListViewController.swift in Sources */,
				F4C10A632073C2B20074FB89 /* QueueManager.swift in Sources */,
				F4C10A70207423B10074FB89 /* PlayerViewModel.swift in Sources */,
				F4013919206EA45900463257 /* AppDelegate.swift in Sources */,
				F440F1D8206FABF4008FB3A9 /* RequestState.swift in Sources */,
				F4C10A672073E28E0074FB89 /* AVRadioPlayer.swift in Sources */,
				F440F1D5206FA4F5008FB3A9 /* RemoteRadioSource.swift in Sources */,
				F48B7847207007F10079F0E4 /* RadioCell.swift in Sources */,
				F440F1DB206FAFE9008FB3A9 /* RadioListViewModel.swift in Sources */,
				F440F1CF206F9918008FB3A9 /* Radio.swift in Sources */,
				F4E315E52072748800FE3595 /* AppSchedulers.swift in Sources */,
			);
			runOnlyForDeploymentPostprocessing = 0;
		};
		F4013925206EA45B00463257 /* Sources */ = {
			isa = PBXSourcesBuildPhase;
			buildActionMask = 2147483647;
			files = (
				F401392E206EA45B00463257 /* RadioFranceTests.swift in Sources */,
			);
			runOnlyForDeploymentPostprocessing = 0;
		};
		F4013930206EA45B00463257 /* Sources */ = {
			isa = PBXSourcesBuildPhase;
			buildActionMask = 2147483647;
			files = (
				F4013939206EA45B00463257 /* RadioFranceUITests.swift in Sources */,
			);
			runOnlyForDeploymentPostprocessing = 0;
		};
/* End PBXSourcesBuildPhase section */

/* Begin PBXTargetDependency section */
		F401392B206EA45B00463257 /* PBXTargetDependency */ = {
			isa = PBXTargetDependency;
			target = F4013914206EA45900463257 /* RadioFrance */;
			targetProxy = F401392A206EA45B00463257 /* PBXContainerItemProxy */;
		};
		F4013936206EA45B00463257 /* PBXTargetDependency */ = {
			isa = PBXTargetDependency;
			target = F4013914206EA45900463257 /* RadioFrance */;
			targetProxy = F4013935206EA45B00463257 /* PBXContainerItemProxy */;
		};
/* End PBXTargetDependency section */

/* Begin PBXVariantGroup section */
		F401391C206EA45900463257 /* Main.storyboard */ = {
			isa = PBXVariantGroup;
			children = (
				F401391D206EA45900463257 /* Base */,
				F47F15DC2073679000DEF6C1 /* fr */,
			);
			name = Main.storyboard;
			sourceTree = "<group>";
		};
		F4013921206EA45B00463257 /* LaunchScreen.storyboard */ = {
			isa = PBXVariantGroup;
			children = (
				F4013922206EA45B00463257 /* Base */,
			);
			name = LaunchScreen.storyboard;
			sourceTree = "<group>";
		};
		F48B784820703C360079F0E4 /* Localizable.strings */ = {
			isa = PBXVariantGroup;
			children = (
				F48B784920703C360079F0E4 /* Base */,
				F48B784B20703C4B0079F0E4 /* fr */,
			);
			name = Localizable.strings;
			sourceTree = "<group>";
		};
/* End PBXVariantGroup section */

/* Begin XCBuildConfiguration section */
		F401393B206EA45B00463257 /* Debug */ = {
			isa = XCBuildConfiguration;
			buildSettings = {
				ALWAYS_SEARCH_USER_PATHS = NO;
				CLANG_ANALYZER_LOCALIZABILITY_NONLOCALIZED = YES;
				CLANG_ANALYZER_NONNULL = YES;
				CLANG_ANALYZER_NUMBER_OBJECT_CONVERSION = YES_AGGRESSIVE;
				CLANG_CXX_LANGUAGE_STANDARD = "gnu++14";
				CLANG_CXX_LIBRARY = "libc++";
				CLANG_ENABLE_MODULES = YES;
				CLANG_ENABLE_OBJC_ARC = YES;
				CLANG_ENABLE_OBJC_WEAK = YES;
				CLANG_WARN_BLOCK_CAPTURE_AUTORELEASING = YES;
				CLANG_WARN_BOOL_CONVERSION = YES;
				CLANG_WARN_COMMA = YES;
				CLANG_WARN_CONSTANT_CONVERSION = YES;
				CLANG_WARN_DEPRECATED_OBJC_IMPLEMENTATIONS = YES;
				CLANG_WARN_DIRECT_OBJC_ISA_USAGE = YES_ERROR;
				CLANG_WARN_DOCUMENTATION_COMMENTS = YES;
				CLANG_WARN_EMPTY_BODY = YES;
				CLANG_WARN_ENUM_CONVERSION = YES;
				CLANG_WARN_INFINITE_RECURSION = YES;
				CLANG_WARN_INT_CONVERSION = YES;
				CLANG_WARN_NON_LITERAL_NULL_CONVERSION = YES;
				CLANG_WARN_OBJC_IMPLICIT_RETAIN_SELF = YES;
				CLANG_WARN_OBJC_LITERAL_CONVERSION = YES;
				CLANG_WARN_OBJC_ROOT_CLASS = YES_ERROR;
				CLANG_WARN_RANGE_LOOP_ANALYSIS = YES;
				CLANG_WARN_STRICT_PROTOTYPES = YES;
				CLANG_WARN_SUSPICIOUS_MOVE = YES;
				CLANG_WARN_UNGUARDED_AVAILABILITY = YES_AGGRESSIVE;
				CLANG_WARN_UNREACHABLE_CODE = YES;
				CLANG_WARN__DUPLICATE_METHOD_MATCH = YES;
				CODE_SIGN_IDENTITY = "iPhone Developer";
				COPY_PHASE_STRIP = NO;
				DEBUG_INFORMATION_FORMAT = dwarf;
				ENABLE_STRICT_OBJC_MSGSEND = YES;
				ENABLE_TESTABILITY = YES;
				GCC_C_LANGUAGE_STANDARD = gnu11;
				GCC_DYNAMIC_NO_PIC = NO;
				GCC_NO_COMMON_BLOCKS = YES;
				GCC_OPTIMIZATION_LEVEL = 0;
				GCC_PREPROCESSOR_DEFINITIONS = (
					"DEBUG=1",
					"$(inherited)",
				);
				GCC_WARN_64_TO_32_BIT_CONVERSION = YES;
				GCC_WARN_ABOUT_RETURN_TYPE = YES_ERROR;
				GCC_WARN_UNDECLARED_SELECTOR = YES;
				GCC_WARN_UNINITIALIZED_AUTOS = YES_AGGRESSIVE;
				GCC_WARN_UNUSED_FUNCTION = YES;
				GCC_WARN_UNUSED_VARIABLE = YES;
				IPHONEOS_DEPLOYMENT_TARGET = 11.3;
				MTL_ENABLE_DEBUG_INFO = YES;
				ONLY_ACTIVE_ARCH = YES;
				SDKROOT = iphoneos;
				SWIFT_ACTIVE_COMPILATION_CONDITIONS = DEBUG;
				SWIFT_OPTIMIZATION_LEVEL = "-Onone";
			};
			name = Debug;
		};
		F401393C206EA45B00463257 /* Release */ = {
			isa = XCBuildConfiguration;
			buildSettings = {
				ALWAYS_SEARCH_USER_PATHS = NO;
				CLANG_ANALYZER_LOCALIZABILITY_NONLOCALIZED = YES;
				CLANG_ANALYZER_NONNULL = YES;
				CLANG_ANALYZER_NUMBER_OBJECT_CONVERSION = YES_AGGRESSIVE;
				CLANG_CXX_LANGUAGE_STANDARD = "gnu++14";
				CLANG_CXX_LIBRARY = "libc++";
				CLANG_ENABLE_MODULES = YES;
				CLANG_ENABLE_OBJC_ARC = YES;
				CLANG_ENABLE_OBJC_WEAK = YES;
				CLANG_WARN_BLOCK_CAPTURE_AUTORELEASING = YES;
				CLANG_WARN_BOOL_CONVERSION = YES;
				CLANG_WARN_COMMA = YES;
				CLANG_WARN_CONSTANT_CONVERSION = YES;
				CLANG_WARN_DEPRECATED_OBJC_IMPLEMENTATIONS = YES;
				CLANG_WARN_DIRECT_OBJC_ISA_USAGE = YES_ERROR;
				CLANG_WARN_DOCUMENTATION_COMMENTS = YES;
				CLANG_WARN_EMPTY_BODY = YES;
				CLANG_WARN_ENUM_CONVERSION = YES;
				CLANG_WARN_INFINITE_RECURSION = YES;
				CLANG_WARN_INT_CONVERSION = YES;
				CLANG_WARN_NON_LITERAL_NULL_CONVERSION = YES;
				CLANG_WARN_OBJC_IMPLICIT_RETAIN_SELF = YES;
				CLANG_WARN_OBJC_LITERAL_CONVERSION = YES;
				CLANG_WARN_OBJC_ROOT_CLASS = YES_ERROR;
				CLANG_WARN_RANGE_LOOP_ANALYSIS = YES;
				CLANG_WARN_STRICT_PROTOTYPES = YES;
				CLANG_WARN_SUSPICIOUS_MOVE = YES;
				CLANG_WARN_UNGUARDED_AVAILABILITY = YES_AGGRESSIVE;
				CLANG_WARN_UNREACHABLE_CODE = YES;
				CLANG_WARN__DUPLICATE_METHOD_MATCH = YES;
				CODE_SIGN_IDENTITY = "iPhone Developer";
				COPY_PHASE_STRIP = NO;
				DEBUG_INFORMATION_FORMAT = "dwarf-with-dsym";
				ENABLE_NS_ASSERTIONS = NO;
				ENABLE_STRICT_OBJC_MSGSEND = YES;
				GCC_C_LANGUAGE_STANDARD = gnu11;
				GCC_NO_COMMON_BLOCKS = YES;
				GCC_WARN_64_TO_32_BIT_CONVERSION = YES;
				GCC_WARN_ABOUT_RETURN_TYPE = YES_ERROR;
				GCC_WARN_UNDECLARED_SELECTOR = YES;
				GCC_WARN_UNINITIALIZED_AUTOS = YES_AGGRESSIVE;
				GCC_WARN_UNUSED_FUNCTION = YES;
				GCC_WARN_UNUSED_VARIABLE = YES;
				IPHONEOS_DEPLOYMENT_TARGET = 11.3;
				MTL_ENABLE_DEBUG_INFO = NO;
				SDKROOT = iphoneos;
				SWIFT_COMPILATION_MODE = wholemodule;
				SWIFT_OPTIMIZATION_LEVEL = "-O";
				VALIDATE_PRODUCT = YES;
			};
			name = Release;
		};
		F401393E206EA45B00463257 /* Debug */ = {
			isa = XCBuildConfiguration;
			baseConfigurationReference = 88717B79B9B23F2ACD9CE45E /* Pods-RadioFrance.debug.xcconfig */;
			buildSettings = {
				ASSETCATALOG_COMPILER_APPICON_NAME = AppIcon;
				CODE_SIGN_STYLE = Automatic;
				INFOPLIST_FILE = RadioFrance/Info.plist;
				LD_RUNPATH_SEARCH_PATHS = (
					"$(inherited)",
					"@executable_path/Frameworks",
				);
				PRODUCT_BUNDLE_IDENTIFIER = com.simonlebras.RadioFrance;
				PRODUCT_NAME = "$(TARGET_NAME)";
				SWIFT_VERSION = 4.0;
				TARGETED_DEVICE_FAMILY = "1,2";
			};
			name = Debug;
		};
		F401393F206EA45B00463257 /* Release */ = {
			isa = XCBuildConfiguration;
			baseConfigurationReference = D8694B2D6C1C84AC3CC90627 /* Pods-RadioFrance.release.xcconfig */;
			buildSettings = {
				ASSETCATALOG_COMPILER_APPICON_NAME = AppIcon;
				CODE_SIGN_STYLE = Automatic;
				INFOPLIST_FILE = RadioFrance/Info.plist;
				LD_RUNPATH_SEARCH_PATHS = (
					"$(inherited)",
					"@executable_path/Frameworks",
				);
				PRODUCT_BUNDLE_IDENTIFIER = com.simonlebras.RadioFrance;
				PRODUCT_NAME = "$(TARGET_NAME)";
				SWIFT_VERSION = 4.0;
				TARGETED_DEVICE_FAMILY = "1,2";
			};
			name = Release;
		};
		F4013941206EA45B00463257 /* Debug */ = {
			isa = XCBuildConfiguration;
			baseConfigurationReference = FFDBB8B30B1DF510BF27983E /* Pods-RadioFranceTests.debug.xcconfig */;
			buildSettings = {
				ALWAYS_EMBED_SWIFT_STANDARD_LIBRARIES = YES;
				BUNDLE_LOADER = "$(TEST_HOST)";
				CODE_SIGN_STYLE = Automatic;
				INFOPLIST_FILE = RadioFranceTests/Info.plist;
				LD_RUNPATH_SEARCH_PATHS = (
					"$(inherited)",
					"@executable_path/Frameworks",
					"@loader_path/Frameworks",
				);
				PRODUCT_BUNDLE_IDENTIFIER = com.simonlebras.RadioFranceTests;
				PRODUCT_NAME = "$(TARGET_NAME)";
				SWIFT_VERSION = 4.0;
				TARGETED_DEVICE_FAMILY = "1,2";
				TEST_HOST = "$(BUILT_PRODUCTS_DIR)/RadioFrance.app/RadioFrance";
			};
			name = Debug;
		};
		F4013942206EA45B00463257 /* Release */ = {
			isa = XCBuildConfiguration;
			baseConfigurationReference = F433433332566905879B29B6 /* Pods-RadioFranceTests.release.xcconfig */;
			buildSettings = {
				ALWAYS_EMBED_SWIFT_STANDARD_LIBRARIES = YES;
				BUNDLE_LOADER = "$(TEST_HOST)";
				CODE_SIGN_STYLE = Automatic;
				INFOPLIST_FILE = RadioFranceTests/Info.plist;
				LD_RUNPATH_SEARCH_PATHS = (
					"$(inherited)",
					"@executable_path/Frameworks",
					"@loader_path/Frameworks",
				);
				PRODUCT_BUNDLE_IDENTIFIER = com.simonlebras.RadioFranceTests;
				PRODUCT_NAME = "$(TARGET_NAME)";
				SWIFT_VERSION = 4.0;
				TARGETED_DEVICE_FAMILY = "1,2";
				TEST_HOST = "$(BUILT_PRODUCTS_DIR)/RadioFrance.app/RadioFrance";
			};
			name = Release;
		};
		F4013944206EA45B00463257 /* Debug */ = {
			isa = XCBuildConfiguration;
			baseConfigurationReference = 502F320B5806E2CFDCB4028D /* Pods-RadioFranceUITests.debug.xcconfig */;
			buildSettings = {
				ALWAYS_EMBED_SWIFT_STANDARD_LIBRARIES = YES;
				CODE_SIGN_STYLE = Automatic;
				INFOPLIST_FILE = RadioFranceUITests/Info.plist;
				LD_RUNPATH_SEARCH_PATHS = (
					"$(inherited)",
					"@executable_path/Frameworks",
					"@loader_path/Frameworks",
				);
				PRODUCT_BUNDLE_IDENTIFIER = com.simonlebras.RadioFranceUITests;
				PRODUCT_NAME = "$(TARGET_NAME)";
				SWIFT_VERSION = 4.0;
				TARGETED_DEVICE_FAMILY = "1,2";
				TEST_TARGET_NAME = RadioFrance;
			};
			name = Debug;
		};
		F4013945206EA45B00463257 /* Release */ = {
			isa = XCBuildConfiguration;
			baseConfigurationReference = DE8D24F0ADEB0E2F54A06B79 /* Pods-RadioFranceUITests.release.xcconfig */;
			buildSettings = {
				ALWAYS_EMBED_SWIFT_STANDARD_LIBRARIES = YES;
				CODE_SIGN_STYLE = Automatic;
				INFOPLIST_FILE = RadioFranceUITests/Info.plist;
				LD_RUNPATH_SEARCH_PATHS = (
					"$(inherited)",
					"@executable_path/Frameworks",
					"@loader_path/Frameworks",
				);
				PRODUCT_BUNDLE_IDENTIFIER = com.simonlebras.RadioFranceUITests;
				PRODUCT_NAME = "$(TARGET_NAME)";
				SWIFT_VERSION = 4.0;
				TARGETED_DEVICE_FAMILY = "1,2";
				TEST_TARGET_NAME = RadioFrance;
			};
			name = Release;
		};
/* End XCBuildConfiguration section */

/* Begin XCConfigurationList section */
		F4013910206EA45900463257 /* Build configuration list for PBXProject "RadioFrance" */ = {
			isa = XCConfigurationList;
			buildConfigurations = (
				F401393B206EA45B00463257 /* Debug */,
				F401393C206EA45B00463257 /* Release */,
			);
			defaultConfigurationIsVisible = 0;
			defaultConfigurationName = Release;
		};
		F401393D206EA45B00463257 /* Build configuration list for PBXNativeTarget "RadioFrance" */ = {
			isa = XCConfigurationList;
			buildConfigurations = (
				F401393E206EA45B00463257 /* Debug */,
				F401393F206EA45B00463257 /* Release */,
			);
			defaultConfigurationIsVisible = 0;
			defaultConfigurationName = Release;
		};
		F4013940206EA45B00463257 /* Build configuration list for PBXNativeTarget "RadioFranceTests" */ = {
			isa = XCConfigurationList;
			buildConfigurations = (
				F4013941206EA45B00463257 /* Debug */,
				F4013942206EA45B00463257 /* Release */,
			);
			defaultConfigurationIsVisible = 0;
			defaultConfigurationName = Release;
		};
		F4013943206EA45B00463257 /* Build configuration list for PBXNativeTarget "RadioFranceUITests" */ = {
			isa = XCConfigurationList;
			buildConfigurations = (
				F4013944206EA45B00463257 /* Debug */,
				F4013945206EA45B00463257 /* Release */,
			);
			defaultConfigurationIsVisible = 0;
			defaultConfigurationName = Release;
		};
/* End XCConfigurationList section */
	};
	rootObject = F401390D206EA45900463257 /* Project object */;
}
